
Microsoft Visual Studio Solution File, Format Version 12.00
# Visual Studio 15
VisualStudioVersion = 15.0.27130.2003
MinimumVisualStudioVersion = 10.0.40219.1
Project("{9A19103F-16F7-4668-BE54-9A1E7A4F7556}") = "StratML.Core", "StratML.Core\StratML.Core.csproj", "{41F4B30E-7857-4A66-B466-0BD610956722}"
EndProject
Project("{9A19103F-16F7-4668-BE54-9A1E7A4F7556}") = "StratML.Data.Core", "StratML.Data.Core\StratML.Data.Core.csproj", "{86CE57A7-1F07-4150-9B21-E1E50D51053B}"
EndProject
Project("{9A19103F-16F7-4668-BE54-9A1E7A4F7556}") = "StratML.Business.Core", "StratML.Business.Core\StratML.Business.Core.csproj", "{234EBD6A-4158-44D5-B2E4-593C3585C2B7}"
EndProject
Project("{9A19103F-16F7-4668-BE54-9A1E7A4F7556}") = "StratML.Business", "StratML.Business\StratML.Business.csproj", "{A636F218-5B94-4897-B273-DDD9A63C4F78}"
EndProject
Project("{9A19103F-16F7-4668-BE54-9A1E7A4F7556}") = "StratML.Data.Tests", "StratML.Data.Tests\StratML.Data.Tests.csproj", "{EBF3042C-612A-4F3F-A401-CB046DB48E7C}"
EndProject
Project("{9A19103F-16F7-4668-BE54-9A1E7A4F7556}") = "StratML.Transform.Core", "StratML.Transform.Core\StratML.Transform.Core.csproj", "{A896BDDD-F547-4601-95FD-B3948732AB60}"
EndProject
Project("{9A19103F-16F7-4668-BE54-9A1E7A4F7556}") = "StratML.Transform", "StratML.Transform\StratML.Transform.csproj", "{22DF3E74-22B3-4C64-98A7-014D8D8E89A3}"
EndProject
Project("{9A19103F-16F7-4668-BE54-9A1E7A4F7556}") = "StratML.Web.Services", "StratML.Web.Services\StratML.Web.Services.csproj", "{AAC17FF1-006B-4A6C-B7B4-B69A54CA7EB5}"
EndProject
Project("{9A19103F-16F7-4668-BE54-9A1E7A4F7556}") = "StratML.Data", "StratML.Data\StratML.Data.csproj", "{39C918BC-061D-4845-BB9E-1125A4E403E4}"
EndProject
Project("{9A19103F-16F7-4668-BE54-9A1E7A4F7556}") = "StratML.Core.Tests", "StratML.Core.Tests\StratML.Core.Tests.csproj", "{DED1F8D1-0404-4EDA-857F-9E5B38F9BFE9}"
EndProject
Project("{9A19103F-16F7-4668-BE54-9A1E7A4F7556}") = "StratML.Web", "StratML.Web\StratML.Web.csproj", "{3DDFB890-B6A0-420E-B8E7-3E2B20E9EB3B}"
EndProject
Project("{FAE04EC0-301F-11D3-BF4B-00C04F79EFBC}") = "StratML.Cloud.Services.Form990.Categorizer", "StratML.Cloud.Services.Form990.Categorizer\StratML.Cloud.Services.Form990.Categorizer.csproj", "{93F71852-4BB7-4DFF-A924-29DADF43394F}"
EndProject
Project("{CC5FD16D-436D-48AD-A40C-5A424C6E3E79}") = "StratML.Cloud.Services.Form990", "StratML.Cloud.Services.Form990\StratML.Cloud.Services.Form990.ccproj", "{33F3ED6C-22EE-4BE0-B26E-23D623F424C9}"
EndProject
Project("{FAE04EC0-301F-11D3-BF4B-00C04F79EFBC}") = "StratML.Cloud.Services.Form990.Version2009v13", "StratML.Cloud.Services.Form990.Version2009v13\StratML.Cloud.Services.Form990.Version2009v13.csproj", "{96EEA1AB-A4EB-4B57-A33E-340D4E655D02}"
EndProject
Project("{FAE04EC0-301F-11D3-BF4B-00C04F79EFBC}") = "StratML.Cloud.Services.Form990.AWSEnqueue", "StratML.Cloud.Services.Form990.AWSEnqueue\StratML.Cloud.Services.Form990.AWSEnqueue.csproj", "{B2EB22DE-7A37-47B2-BC93-75877932401C}"
EndProject
Project("{2150E333-8FDC-42A3-9474-1A3956D46DE8}") = "DotNetFramework", "DotNetFramework", "{1E089555-C899-4576-B0D7-F574538BC274}"
EndProject
Project("{2150E333-8FDC-42A3-9474-1A3956D46DE8}") = "DotNetCore", "DotNetCore", "{BF70152B-3C05-44A9-A0A0-66548104ED6C}"
EndProject
Project("{2150E333-8FDC-42A3-9474-1A3956D46DE8}") = "Business", "Business", "{95A0DEF6-0319-4E48-9EF0-29096A9C254A}"
EndProject
Project("{2150E333-8FDC-42A3-9474-1A3956D46DE8}") = "Cloud", "Cloud", "{77676D0E-748E-4246-9422-2C930CFF6551}"
EndProject
Project("{2150E333-8FDC-42A3-9474-1A3956D46DE8}") = "Tests", "Tests", "{596ADDE5-01F6-443C-BF38-8121C2DF327D}"
EndProject
Project("{2150E333-8FDC-42A3-9474-1A3956D46DE8}") = "Data", "Data", "{631DE765-8514-46F5-BD99-E66AF7252057}"
EndProject
Project("{2150E333-8FDC-42A3-9474-1A3956D46DE8}") = "Transform", "Transform", "{CB35F37B-CD32-409B-92AF-0867065725A2}"
EndProject
Project("{2150E333-8FDC-42A3-9474-1A3956D46DE8}") = "Web", "Web", "{A74F1878-E16A-4881-ACFA-53391C4A82CF}"
EndProject
Project("{2150E333-8FDC-42A3-9474-1A3956D46DE8}") = "Utilities", "Utilities", "{391830BC-376C-47BC-909B-9B9C5AB2E202}"
EndProject
Project("{9A19103F-16F7-4668-BE54-9A1E7A4F7556}") = "StratML.Utilities.Importer.PartOne", "StratML.Utilities.Importer.PartOne\StratML.Utilities.Importer.PartOne.csproj", "{9065AEF0-D6D7-4090-B2B3-A646F6152041}"
EndProject
Project("{FAE04EC0-301F-11D3-BF4B-00C04F79EFBC}") = "StratML.Utilities.Indexer.PartOne", "StratML.Utilities.Indexer.PartOne\StratML.Utilities.Indexer.PartOne.csproj", "{42B94B45-8D2A-4DCA-BF4A-5F5967E627FF}"
EndProject
Global
	GlobalSection(SolutionConfigurationPlatforms) = preSolution
		Debug|Any CPU = Debug|Any CPU
		Release|Any CPU = Release|Any CPU
	EndGlobalSection
	GlobalSection(ProjectConfigurationPlatforms) = postSolution
		{41F4B30E-7857-4A66-B466-0BD610956722}.Debug|Any CPU.ActiveCfg = Debug|Any CPU
		{41F4B30E-7857-4A66-B466-0BD610956722}.Debug|Any CPU.Build.0 = Debug|Any CPU
		{41F4B30E-7857-4A66-B466-0BD610956722}.Release|Any CPU.ActiveCfg = Release|Any CPU
		{41F4B30E-7857-4A66-B466-0BD610956722}.Release|Any CPU.Build.0 = Release|Any CPU
		{86CE57A7-1F07-4150-9B21-E1E50D51053B}.Debug|Any CPU.ActiveCfg = Debug|Any CPU
		{86CE57A7-1F07-4150-9B21-E1E50D51053B}.Debug|Any CPU.Build.0 = Debug|Any CPU
		{86CE57A7-1F07-4150-9B21-E1E50D51053B}.Release|Any CPU.ActiveCfg = Release|Any CPU
		{86CE57A7-1F07-4150-9B21-E1E50D51053B}.Release|Any CPU.Build.0 = Release|Any CPU
		{234EBD6A-4158-44D5-B2E4-593C3585C2B7}.Debug|Any CPU.ActiveCfg = Debug|Any CPU
		{234EBD6A-4158-44D5-B2E4-593C3585C2B7}.Debug|Any CPU.Build.0 = Debug|Any CPU
		{234EBD6A-4158-44D5-B2E4-593C3585C2B7}.Release|Any CPU.ActiveCfg = Release|Any CPU
		{234EBD6A-4158-44D5-B2E4-593C3585C2B7}.Release|Any CPU.Build.0 = Release|Any CPU
		{A636F218-5B94-4897-B273-DDD9A63C4F78}.Debug|Any CPU.ActiveCfg = Debug|Any CPU
		{A636F218-5B94-4897-B273-DDD9A63C4F78}.Debug|Any CPU.Build.0 = Debug|Any CPU
		{A636F218-5B94-4897-B273-DDD9A63C4F78}.Release|Any CPU.ActiveCfg = Release|Any CPU
		{A636F218-5B94-4897-B273-DDD9A63C4F78}.Release|Any CPU.Build.0 = Release|Any CPU
		{EBF3042C-612A-4F3F-A401-CB046DB48E7C}.Debug|Any CPU.ActiveCfg = Debug|Any CPU
		{EBF3042C-612A-4F3F-A401-CB046DB48E7C}.Debug|Any CPU.Build.0 = Debug|Any CPU
		{EBF3042C-612A-4F3F-A401-CB046DB48E7C}.Release|Any CPU.ActiveCfg = Release|Any CPU
		{EBF3042C-612A-4F3F-A401-CB046DB48E7C}.Release|Any CPU.Build.0 = Release|Any CPU
		{A896BDDD-F547-4601-95FD-B3948732AB60}.Debug|Any CPU.ActiveCfg = Debug|Any CPU
		{A896BDDD-F547-4601-95FD-B3948732AB60}.Debug|Any CPU.Build.0 = Debug|Any CPU
		{A896BDDD-F547-4601-95FD-B3948732AB60}.Release|Any CPU.ActiveCfg = Release|Any CPU
		{A896BDDD-F547-4601-95FD-B3948732AB60}.Release|Any CPU.Build.0 = Release|Any CPU
		{22DF3E74-22B3-4C64-98A7-014D8D8E89A3}.Debug|Any CPU.ActiveCfg = Debug|Any CPU
		{22DF3E74-22B3-4C64-98A7-014D8D8E89A3}.Debug|Any CPU.Build.0 = Debug|Any CPU
		{22DF3E74-22B3-4C64-98A7-014D8D8E89A3}.Release|Any CPU.ActiveCfg = Release|Any CPU
		{22DF3E74-22B3-4C64-98A7-014D8D8E89A3}.Release|Any CPU.Build.0 = Release|Any CPU
		{AAC17FF1-006B-4A6C-B7B4-B69A54CA7EB5}.Debug|Any CPU.ActiveCfg = Debug|Any CPU
		{AAC17FF1-006B-4A6C-B7B4-B69A54CA7EB5}.Debug|Any CPU.Build.0 = Debug|Any CPU
		{AAC17FF1-006B-4A6C-B7B4-B69A54CA7EB5}.Release|Any CPU.ActiveCfg = Release|Any CPU
		{AAC17FF1-006B-4A6C-B7B4-B69A54CA7EB5}.Release|Any CPU.Build.0 = Release|Any CPU
		{39C918BC-061D-4845-BB9E-1125A4E403E4}.Debug|Any CPU.ActiveCfg = Debug|Any CPU
		{39C918BC-061D-4845-BB9E-1125A4E403E4}.Debug|Any CPU.Build.0 = Debug|Any CPU
		{39C918BC-061D-4845-BB9E-1125A4E403E4}.Release|Any CPU.ActiveCfg = Release|Any CPU
		{39C918BC-061D-4845-BB9E-1125A4E403E4}.Release|Any CPU.Build.0 = Release|Any CPU
		{DED1F8D1-0404-4EDA-857F-9E5B38F9BFE9}.Debug|Any CPU.ActiveCfg = Debug|Any CPU
		{DED1F8D1-0404-4EDA-857F-9E5B38F9BFE9}.Debug|Any CPU.Build.0 = Debug|Any CPU
		{DED1F8D1-0404-4EDA-857F-9E5B38F9BFE9}.Release|Any CPU.ActiveCfg = Release|Any CPU
		{DED1F8D1-0404-4EDA-857F-9E5B38F9BFE9}.Release|Any CPU.Build.0 = Release|Any CPU
		{3DDFB890-B6A0-420E-B8E7-3E2B20E9EB3B}.Debug|Any CPU.ActiveCfg = Debug|Any CPU
		{3DDFB890-B6A0-420E-B8E7-3E2B20E9EB3B}.Debug|Any CPU.Build.0 = Debug|Any CPU
		{3DDFB890-B6A0-420E-B8E7-3E2B20E9EB3B}.Release|Any CPU.ActiveCfg = Release|Any CPU
		{3DDFB890-B6A0-420E-B8E7-3E2B20E9EB3B}.Release|Any CPU.Build.0 = Release|Any CPU
		{93F71852-4BB7-4DFF-A924-29DADF43394F}.Debug|Any CPU.ActiveCfg = Debug|Any CPU
		{93F71852-4BB7-4DFF-A924-29DADF43394F}.Debug|Any CPU.Build.0 = Debug|Any CPU
		{93F71852-4BB7-4DFF-A924-29DADF43394F}.Release|Any CPU.ActiveCfg = Release|Any CPU
		{93F71852-4BB7-4DFF-A924-29DADF43394F}.Release|Any CPU.Build.0 = Release|Any CPU
		{33F3ED6C-22EE-4BE0-B26E-23D623F424C9}.Debug|Any CPU.ActiveCfg = Debug|Any CPU
		{33F3ED6C-22EE-4BE0-B26E-23D623F424C9}.Debug|Any CPU.Build.0 = Debug|Any CPU
		{33F3ED6C-22EE-4BE0-B26E-23D623F424C9}.Release|Any CPU.ActiveCfg = Release|Any CPU
		{33F3ED6C-22EE-4BE0-B26E-23D623F424C9}.Release|Any CPU.Build.0 = Release|Any CPU
		{96EEA1AB-A4EB-4B57-A33E-340D4E655D02}.Debug|Any CPU.ActiveCfg = Debug|Any CPU
		{96EEA1AB-A4EB-4B57-A33E-340D4E655D02}.Debug|Any CPU.Build.0 = Debug|Any CPU
		{96EEA1AB-A4EB-4B57-A33E-340D4E655D02}.Release|Any CPU.ActiveCfg = Release|Any CPU
		{96EEA1AB-A4EB-4B57-A33E-340D4E655D02}.Release|Any CPU.Build.0 = Release|Any CPU
		{B2EB22DE-7A37-47B2-BC93-75877932401C}.Debug|Any CPU.ActiveCfg = Debug|Any CPU
		{B2EB22DE-7A37-47B2-BC93-75877932401C}.Debug|Any CPU.Build.0 = Debug|Any CPU
		{B2EB22DE-7A37-47B2-BC93-75877932401C}.Release|Any CPU.ActiveCfg = Release|Any CPU
		{B2EB22DE-7A37-47B2-BC93-75877932401C}.Release|Any CPU.Build.0 = Release|Any CPU
		{9065AEF0-D6D7-4090-B2B3-A646F6152041}.Debug|Any CPU.ActiveCfg = Debug|Any CPU
		{9065AEF0-D6D7-4090-B2B3-A646F6152041}.Debug|Any CPU.Build.0 = Debug|Any CPU
		{9065AEF0-D6D7-4090-B2B3-A646F6152041}.Release|Any CPU.ActiveCfg = Release|Any CPU
		{9065AEF0-D6D7-4090-B2B3-A646F6152041}.Release|Any CPU.Build.0 = Release|Any CPU
		{42B94B45-8D2A-4DCA-BF4A-5F5967E627FF}.Debug|Any CPU.ActiveCfg = Debug|Any CPU
		{42B94B45-8D2A-4DCA-BF4A-5F5967E627FF}.Debug|Any CPU.Build.0 = Debug|Any CPU
		{42B94B45-8D2A-4DCA-BF4A-5F5967E627FF}.Release|Any CPU.ActiveCfg = Release|Any CPU
		{42B94B45-8D2A-4DCA-BF4A-5F5967E627FF}.Release|Any CPU.Build.0 = Release|Any CPU
	EndGlobalSection
	GlobalSection(SolutionProperties) = preSolution
		HideSolutionNode = FALSE
	EndGlobalSection
	GlobalSection(NestedProjects) = preSolution
		{41F4B30E-7857-4A66-B466-0BD610956722} = {BF70152B-3C05-44A9-A0A0-66548104ED6C}
		{86CE57A7-1F07-4150-9B21-E1E50D51053B} = {631DE765-8514-46F5-BD99-E66AF7252057}
		{234EBD6A-4158-44D5-B2E4-593C3585C2B7} = {95A0DEF6-0319-4E48-9EF0-29096A9C254A}
		{A636F218-5B94-4897-B273-DDD9A63C4F78} = {95A0DEF6-0319-4E48-9EF0-29096A9C254A}
		{EBF3042C-612A-4F3F-A401-CB046DB48E7C} = {596ADDE5-01F6-443C-BF38-8121C2DF327D}
		{A896BDDD-F547-4601-95FD-B3948732AB60} = {CB35F37B-CD32-409B-92AF-0867065725A2}
		{22DF3E74-22B3-4C64-98A7-014D8D8E89A3} = {CB35F37B-CD32-409B-92AF-0867065725A2}
		{AAC17FF1-006B-4A6C-B7B4-B69A54CA7EB5} = {A74F1878-E16A-4881-ACFA-53391C4A82CF}
		{39C918BC-061D-4845-BB9E-1125A4E403E4} = {631DE765-8514-46F5-BD99-E66AF7252057}
		{DED1F8D1-0404-4EDA-857F-9E5B38F9BFE9} = {596ADDE5-01F6-443C-BF38-8121C2DF327D}
		{3DDFB890-B6A0-420E-B8E7-3E2B20E9EB3B} = {A74F1878-E16A-4881-ACFA-53391C4A82CF}
		{93F71852-4BB7-4DFF-A924-29DADF43394F} = {77676D0E-748E-4246-9422-2C930CFF6551}
		{33F3ED6C-22EE-4BE0-B26E-23D623F424C9} = {77676D0E-748E-4246-9422-2C930CFF6551}
		{96EEA1AB-A4EB-4B57-A33E-340D4E655D02} = {77676D0E-748E-4246-9422-2C930CFF6551}
		{B2EB22DE-7A37-47B2-BC93-75877932401C} = {77676D0E-748E-4246-9422-2C930CFF6551}
		{95A0DEF6-0319-4E48-9EF0-29096A9C254A} = {BF70152B-3C05-44A9-A0A0-66548104ED6C}
		{77676D0E-748E-4246-9422-2C930CFF6551} = {1E089555-C899-4576-B0D7-F574538BC274}
		{596ADDE5-01F6-443C-BF38-8121C2DF327D} = {BF70152B-3C05-44A9-A0A0-66548104ED6C}
		{631DE765-8514-46F5-BD99-E66AF7252057} = {BF70152B-3C05-44A9-A0A0-66548104ED6C}
		{CB35F37B-CD32-409B-92AF-0867065725A2} = {BF70152B-3C05-44A9-A0A0-66548104ED6C}
		{A74F1878-E16A-4881-ACFA-53391C4A82CF} = {BF70152B-3C05-44A9-A0A0-66548104ED6C}
		{391830BC-376C-47BC-909B-9B9C5AB2E202} = {BF70152B-3C05-44A9-A0A0-66548104ED6C}
		{9065AEF0-D6D7-4090-B2B3-A646F6152041} = {391830BC-376C-47BC-909B-9B9C5AB2E202}
		{42B94B45-8D2A-4DCA-BF4A-5F5967E627FF} = {391830BC-376C-47BC-909B-9B9C5AB2E202}
	EndGlobalSection
	GlobalSection(ExtensibilityGlobals) = postSolution
		SolutionGuid = {4640FED6-5966-493E-B2B3-9DBF7F729A5E}
	EndGlobalSection
EndGlobal
