
Microsoft Visual Studio Solution File, Format Version 12.00
# Visual Studio 15
VisualStudioVersion = 15.0.27004.2008
MinimumVisualStudioVersion = 10.0.40219.1
Project("{9A19103F-16F7-4668-BE54-9A1E7A4F7556}") = "StratML.Core", "StratML.Core\StratML.Core.csproj", "{41F4B30E-7857-4A66-B466-0BD610956722}"
EndProject
Project("{9A19103F-16F7-4668-BE54-9A1E7A4F7556}") = "StratML.Data.Core", "StratML.Data.Core\StratML.Data.Core.csproj", "{86CE57A7-1F07-4150-9B21-E1E50D51053B}"
EndProject
Project("{9A19103F-16F7-4668-BE54-9A1E7A4F7556}") = "StratML.Business.Core", "StratML.Business.Core\StratML.Business.Core.csproj", "{234EBD6A-4158-44D5-B2E4-593C3585C2B7}"
EndProject
Project("{9A19103F-16F7-4668-BE54-9A1E7A4F7556}") = "StratML.Business", "StratML.Business\StratML.Business.csproj", "{A636F218-5B94-4897-B273-DDD9A63C4F78}"
EndProject
Project("{9A19103F-16F7-4668-BE54-9A1E7A4F7556}") = "StratML.Data.Tests", "StratML.Data.Tests\StratML.Data.Tests.csproj", "{EBF3042C-612A-4F3F-A401-CB046DB48E7C}"
EndProject
Project("{9A19103F-16F7-4668-BE54-9A1E7A4F7556}") = "StratML.Transform.Core", "StratML.Transform.Core\StratML.Transform.Core.csproj", "{A896BDDD-F547-4601-95FD-B3948732AB60}"
EndProject
Project("{9A19103F-16F7-4668-BE54-9A1E7A4F7556}") = "StratML.Transform", "StratML.Transform\StratML.Transform.csproj", "{22DF3E74-22B3-4C64-98A7-014D8D8E89A3}"
EndProject
Project("{9A19103F-16F7-4668-BE54-9A1E7A4F7556}") = "StratML.Web.Services", "StratML.Web.Services\StratML.Web.Services.csproj", "{AAC17FF1-006B-4A6C-B7B4-B69A54CA7EB5}"
EndProject
Project("{9A19103F-16F7-4668-BE54-9A1E7A4F7556}") = "StratML.Data", "StratML.Data\StratML.Data.csproj", "{39C918BC-061D-4845-BB9E-1125A4E403E4}"
EndProject
Project("{9A19103F-16F7-4668-BE54-9A1E7A4F7556}") = "StratML.Core.Tests", "StratML.Core.Tests\StratML.Core.Tests.csproj", "{DED1F8D1-0404-4EDA-857F-9E5B38F9BFE9}"
EndProject
Project("{FAE04EC0-301F-11D3-BF4B-00C04F79EFBC}") = "StratML.Web", "StratML.Web\StratML.Web.csproj", "{3DDFB890-B6A0-420E-B8E7-3E2B20E9EB3B}"
EndProject
Global
	GlobalSection(SolutionConfigurationPlatforms) = preSolution
		Debug|Any CPU = Debug|Any CPU
		Release|Any CPU = Release|Any CPU
	EndGlobalSection
	GlobalSection(ProjectConfigurationPlatforms) = postSolution
		{41F4B30E-7857-4A66-B466-0BD610956722}.Debug|Any CPU.ActiveCfg = Debug|Any CPU
		{41F4B30E-7857-4A66-B466-0BD610956722}.Debug|Any CPU.Build.0 = Debug|Any CPU
		{41F4B30E-7857-4A66-B466-0BD610956722}.Release|Any CPU.ActiveCfg = Release|Any CPU
		{41F4B30E-7857-4A66-B466-0BD610956722}.Release|Any CPU.Build.0 = Release|Any CPU
		{86CE57A7-1F07-4150-9B21-E1E50D51053B}.Debug|Any CPU.ActiveCfg = Debug|Any CPU
		{86CE57A7-1F07-4150-9B21-E1E50D51053B}.Debug|Any CPU.Build.0 = Debug|Any CPU
		{86CE57A7-1F07-4150-9B21-E1E50D51053B}.Release|Any CPU.ActiveCfg = Release|Any CPU
		{86CE57A7-1F07-4150-9B21-E1E50D51053B}.Release|Any CPU.Build.0 = Release|Any CPU
		{234EBD6A-4158-44D5-B2E4-593C3585C2B7}.Debug|Any CPU.ActiveCfg = Debug|Any CPU
		{234EBD6A-4158-44D5-B2E4-593C3585C2B7}.Debug|Any CPU.Build.0 = Debug|Any CPU
		{234EBD6A-4158-44D5-B2E4-593C3585C2B7}.Release|Any CPU.ActiveCfg = Release|Any CPU
		{234EBD6A-4158-44D5-B2E4-593C3585C2B7}.Release|Any CPU.Build.0 = Release|Any CPU
		{A636F218-5B94-4897-B273-DDD9A63C4F78}.Debug|Any CPU.ActiveCfg = Debug|Any CPU
		{A636F218-5B94-4897-B273-DDD9A63C4F78}.Debug|Any CPU.Build.0 = Debug|Any CPU
		{A636F218-5B94-4897-B273-DDD9A63C4F78}.Release|Any CPU.ActiveCfg = Release|Any CPU
		{A636F218-5B94-4897-B273-DDD9A63C4F78}.Release|Any CPU.Build.0 = Release|Any CPU
		{EBF3042C-612A-4F3F-A401-CB046DB48E7C}.Debug|Any CPU.ActiveCfg = Debug|Any CPU
		{EBF3042C-612A-4F3F-A401-CB046DB48E7C}.Debug|Any CPU.Build.0 = Debug|Any CPU
		{EBF3042C-612A-4F3F-A401-CB046DB48E7C}.Release|Any CPU.ActiveCfg = Release|Any CPU
		{EBF3042C-612A-4F3F-A401-CB046DB48E7C}.Release|Any CPU.Build.0 = Release|Any CPU
		{A896BDDD-F547-4601-95FD-B3948732AB60}.Debug|Any CPU.ActiveCfg = Debug|Any CPU
		{A896BDDD-F547-4601-95FD-B3948732AB60}.Debug|Any CPU.Build.0 = Debug|Any CPU
		{A896BDDD-F547-4601-95FD-B3948732AB60}.Release|Any CPU.ActiveCfg = Release|Any CPU
		{A896BDDD-F547-4601-95FD-B3948732AB60}.Release|Any CPU.Build.0 = Release|Any CPU
		{22DF3E74-22B3-4C64-98A7-014D8D8E89A3}.Debug|Any CPU.ActiveCfg = Debug|Any CPU
		{22DF3E74-22B3-4C64-98A7-014D8D8E89A3}.Debug|Any CPU.Build.0 = Debug|Any CPU
		{22DF3E74-22B3-4C64-98A7-014D8D8E89A3}.Release|Any CPU.ActiveCfg = Release|Any CPU
		{22DF3E74-22B3-4C64-98A7-014D8D8E89A3}.Release|Any CPU.Build.0 = Release|Any CPU
		{AAC17FF1-006B-4A6C-B7B4-B69A54CA7EB5}.Debug|Any CPU.ActiveCfg = Debug|Any CPU
		{AAC17FF1-006B-4A6C-B7B4-B69A54CA7EB5}.Debug|Any CPU.Build.0 = Debug|Any CPU
		{AAC17FF1-006B-4A6C-B7B4-B69A54CA7EB5}.Release|Any CPU.ActiveCfg = Release|Any CPU
		{AAC17FF1-006B-4A6C-B7B4-B69A54CA7EB5}.Release|Any CPU.Build.0 = Release|Any CPU
		{39C918BC-061D-4845-BB9E-1125A4E403E4}.Debug|Any CPU.ActiveCfg = Debug|Any CPU
		{39C918BC-061D-4845-BB9E-1125A4E403E4}.Debug|Any CPU.Build.0 = Debug|Any CPU
		{39C918BC-061D-4845-BB9E-1125A4E403E4}.Release|Any CPU.ActiveCfg = Release|Any CPU
		{39C918BC-061D-4845-BB9E-1125A4E403E4}.Release|Any CPU.Build.0 = Release|Any CPU
		{DED1F8D1-0404-4EDA-857F-9E5B38F9BFE9}.Debug|Any CPU.ActiveCfg = Debug|Any CPU
		{DED1F8D1-0404-4EDA-857F-9E5B38F9BFE9}.Debug|Any CPU.Build.0 = Debug|Any CPU
		{DED1F8D1-0404-4EDA-857F-9E5B38F9BFE9}.Release|Any CPU.ActiveCfg = Release|Any CPU
		{DED1F8D1-0404-4EDA-857F-9E5B38F9BFE9}.Release|Any CPU.Build.0 = Release|Any CPU
		{3DDFB890-B6A0-420E-B8E7-3E2B20E9EB3B}.Debug|Any CPU.ActiveCfg = Debug|Any CPU
		{3DDFB890-B6A0-420E-B8E7-3E2B20E9EB3B}.Debug|Any CPU.Build.0 = Debug|Any CPU
		{3DDFB890-B6A0-420E-B8E7-3E2B20E9EB3B}.Release|Any CPU.ActiveCfg = Release|Any CPU
		{3DDFB890-B6A0-420E-B8E7-3E2B20E9EB3B}.Release|Any CPU.Build.0 = Release|Any CPU
	EndGlobalSection
	GlobalSection(SolutionProperties) = preSolution
		HideSolutionNode = FALSE
	EndGlobalSection
	GlobalSection(ExtensibilityGlobals) = postSolution
		SolutionGuid = {4640FED6-5966-493E-B2B3-9DBF7F729A5E}
	EndGlobalSection
EndGlobal
