{
  "name": "asp.net",
  "version": "1.0.0",
  "lockfileVersion": 1,
  "requires": true,
  "dependencies": {
    "@types/knockout": {
      "version": "3.4.56",
      "resolved": "https://registry.npmjs.org/@types/knockout/-/knockout-3.4.56.tgz",
      "integrity": "sha512-5GAPIN82HrXK1bwqnLB7nBOHu54+X9pEYXqNudn5Abs44RM308/HQdHejbbZ+UOSAzrTDEJLiC2ONx+T+z7i9g==",
      "dev": true
    },
    "@types/o.js": {
      "version": "0.3.2",
      "resolved": "https://registry.npmjs.org/@types/o.js/-/o.js-0.3.2.tgz",
      "integrity": "sha512-dxDY0gCeIF8H4dZlzFhbNOL+1NDAj4Cnsmsi0rGHkfReSI03D1P6nUSV5RnXD4FJOMTQs71b5lr3Mao0ZEPNZw==",
      "dev": true,
      "requires": {
        "@types/q": "^0"
      }
    },
    "@types/q": {
      "version": "0.0.37",
      "resolved": "https://registry.npmjs.org/@types/q/-/q-0.0.37.tgz",
      "integrity": "sha512-vjFGX1zMTMz/kUp3xgfJcxMVLkMWVMrdlyc0RwVyve1y9jxwqNaT8wTcv6M51ylq2a/zn5lm8g7qPSoIS4uvZQ==",
      "dev": true
    },
    "bootstrap-datepicker": {
      "version": "1.8.0",
      "resolved": "https://registry.npmjs.org/bootstrap-datepicker/-/bootstrap-datepicker-1.8.0.tgz",
      "integrity": "sha512-213St/G8KT3mjs4qu4qwww74KWysMaIeqgq5OhrboZjIjemIpyuxlSo9FNNI5+KzpkkxkRRba+oewiRGV42B1A==",
      "requires": {
        "jquery": ">=1.7.1 <4.0.0"
      }
    },
    "jquery": {
      "version": "3.3.1",
      "resolved": "https://registry.npmjs.org/jquery/-/jquery-3.3.1.tgz",
      "integrity": "sha512-Ubldcmxp5np52/ENotGxlLe6aGMvmF4R8S6tZjsP6Knsaxd/xp3Zrh50cG93lR6nPXyUFwzN3ZSOQI0wRJNdGg=="
    },
    "odata": {
      "version": "0.3.8",
      "resolved": "https://registry.npmjs.org/odata/-/odata-0.3.8.tgz",
      "integrity": "sha512-Qi5u1LECNLgPkbnJxO38plaoAaq3dS7kJ0oJMqta3Zw/LGbfsjJancAcDQDM/lK8YwOUHn8fXh6dPkAqBF/pzw==",
      "requires": {
        "q": "^1.5.0",
        "xhr2": "^0.1.4 "
      }
    },
    "q": {
      "version": "1.5.1",
      "resolved": "https://registry.npmjs.org/q/-/q-1.5.1.tgz",
      "integrity": "sha1-fjL3W0E4EpHQRhHxvxQQmsAGUdc="
    },
    "xhr2": {
      "version": "0.1.4",
      "resolved": "https://registry.npmjs.org/xhr2/-/xhr2-0.1.4.tgz",
      "integrity": "sha1-f4dliEdxbbUCYyOBL4GMras4el8="
    }
  }
}
